
Microsoft Visual Studio Solution File, Format Version 12.00
# Visual Studio 14
VisualStudioVersion = 14.0.23107.0
MinimumVisualStudioVersion = 10.0.40219.1
Project("{FAE04EC0-301F-11D3-BF4B-00C04F79EFBC}") = "FastBitmapLib", "FastBitmap\FastBitmapLib.csproj", "{4BCC21C7-7AA5-4C80-BD42-AAB57D5284C1}"
EndProject
Project("{FAE04EC0-301F-11D3-BF4B-00C04F79EFBC}") = "FastBitmapTests", "FastBitmapTests\FastBitmapTests.csproj", "{4D3A1905-DE3D-4EC2-96A7-7F3D78B14D51}"
EndProject
Global
	GlobalSection(SolutionConfigurationPlatforms) = preSolution
		Debug|Any CPU = Debug|Any CPU
		Release|Any CPU = Release|Any CPU
	EndGlobalSection
	GlobalSection(ProjectConfigurationPlatforms) = postSolution
		{4BCC21C7-7AA5-4C80-BD42-AAB57D5284C1}.Debug|Any CPU.ActiveCfg = Debug|Any CPU
		{4BCC21C7-7AA5-4C80-BD42-AAB57D5284C1}.Debug|Any CPU.Build.0 = Debug|Any CPU
		{4BCC21C7-7AA5-4C80-BD42-AAB57D5284C1}.Release|Any CPU.ActiveCfg = Release|Any CPU
		{4BCC21C7-7AA5-4C80-BD42-AAB57D5284C1}.Release|Any CPU.Build.0 = Release|Any CPU
		{4D3A1905-DE3D-4EC2-96A7-7F3D78B14D51}.Debug|Any CPU.ActiveCfg = Debug|Any CPU
		{4D3A1905-DE3D-4EC2-96A7-7F3D78B14D51}.Debug|Any CPU.Build.0 = Debug|Any CPU
		{4D3A1905-DE3D-4EC2-96A7-7F3D78B14D51}.Release|Any CPU.ActiveCfg = Release|Any CPU
		{4D3A1905-DE3D-4EC2-96A7-7F3D78B14D51}.Release|Any CPU.Build.0 = Release|Any CPU
	EndGlobalSection
	GlobalSection(SolutionProperties) = preSolution
		HideSolutionNode = FALSE
	EndGlobalSection
EndGlobal
